
Microsoft Visual Studio Solution File, Format Version 12.00
# Visual Studio 15
VisualStudioVersion = 15.0.27703.2026
MinimumVisualStudioVersion = 10.0.40219.1
Project("{9A19103F-16F7-4668-BE54-9A1E7A4F7556}") = "ZY.HelloWorld", "ZY.HelloWorld\ZY.HelloWorld.csproj", "{32AF0FF8-B2C3-456B-92B6-D7152C69EF5D}"
EndProject
Project("{9A19103F-16F7-4668-BE54-9A1E7A4F7556}") = "ZY.EFCore", "ZY.EFCore\ZY.EFCore.csproj", "{4A11CB22-DAD6-4434-A90C-B7426E748381}"
EndProject
Project("{9A19103F-16F7-4668-BE54-9A1E7A4F7556}") = "ZY.RPCServer", "ZY.RPCServer\ZY.RPCServer.csproj", "{B2E0ABC4-0602-4606-AF27-3B547E7E2F6D}"
EndProject
Project("{9A19103F-16F7-4668-BE54-9A1E7A4F7556}") = "ZY.RPCService", "ZY.RPCService\ZY.RPCService.csproj", "{FCFBD11C-851C-485C-A825-C9B3A879BFA9}"
EndProject
Project("{9A19103F-16F7-4668-BE54-9A1E7A4F7556}") = "ZY.RPCClient", "ZY.RPCClient\ZY.RPCClient.csproj", "{4F855BA7-F659-4A1E-97C8-1373F632FC68}"
EndProject
Project("{FAE04EC0-301F-11D3-BF4B-00C04F79EFBC}") = "WS.Sqlsugar", "WS.Sqlsugar\WS.Sqlsugar.csproj", "{36CE1361-3ED4-4BCB-A7BA-3249981A6A64}"
EndProject
Project("{FAE04EC0-301F-11D3-BF4B-00C04F79EFBC}") = "ZY.Service", "ZY.Service\ZY.Service.csproj", "{516DA291-8344-457E-A9B8-86DDF13D3A0A}"
EndProject
Global
	GlobalSection(SolutionConfigurationPlatforms) = preSolution
		Debug|Any CPU = Debug|Any CPU
		Release|Any CPU = Release|Any CPU
	EndGlobalSection
	GlobalSection(ProjectConfigurationPlatforms) = postSolution
		{32AF0FF8-B2C3-456B-92B6-D7152C69EF5D}.Debug|Any CPU.ActiveCfg = Debug|Any CPU
		{32AF0FF8-B2C3-456B-92B6-D7152C69EF5D}.Debug|Any CPU.Build.0 = Debug|Any CPU
		{32AF0FF8-B2C3-456B-92B6-D7152C69EF5D}.Release|Any CPU.ActiveCfg = Release|Any CPU
		{32AF0FF8-B2C3-456B-92B6-D7152C69EF5D}.Release|Any CPU.Build.0 = Release|Any CPU
		{4A11CB22-DAD6-4434-A90C-B7426E748381}.Debug|Any CPU.ActiveCfg = Debug|Any CPU
		{4A11CB22-DAD6-4434-A90C-B7426E748381}.Debug|Any CPU.Build.0 = Debug|Any CPU
		{4A11CB22-DAD6-4434-A90C-B7426E748381}.Release|Any CPU.ActiveCfg = Release|Any CPU
		{4A11CB22-DAD6-4434-A90C-B7426E748381}.Release|Any CPU.Build.0 = Release|Any CPU
		{B2E0ABC4-0602-4606-AF27-3B547E7E2F6D}.Debug|Any CPU.ActiveCfg = Debug|Any CPU
		{B2E0ABC4-0602-4606-AF27-3B547E7E2F6D}.Debug|Any CPU.Build.0 = Debug|Any CPU
		{B2E0ABC4-0602-4606-AF27-3B547E7E2F6D}.Release|Any CPU.ActiveCfg = Release|Any CPU
		{B2E0ABC4-0602-4606-AF27-3B547E7E2F6D}.Release|Any CPU.Build.0 = Release|Any CPU
		{FCFBD11C-851C-485C-A825-C9B3A879BFA9}.Debug|Any CPU.ActiveCfg = Debug|Any CPU
		{FCFBD11C-851C-485C-A825-C9B3A879BFA9}.Debug|Any CPU.Build.0 = Debug|Any CPU
		{FCFBD11C-851C-485C-A825-C9B3A879BFA9}.Release|Any CPU.ActiveCfg = Release|Any CPU
		{FCFBD11C-851C-485C-A825-C9B3A879BFA9}.Release|Any CPU.Build.0 = Release|Any CPU
		{4F855BA7-F659-4A1E-97C8-1373F632FC68}.Debug|Any CPU.ActiveCfg = Debug|Any CPU
		{4F855BA7-F659-4A1E-97C8-1373F632FC68}.Debug|Any CPU.Build.0 = Debug|Any CPU
		{4F855BA7-F659-4A1E-97C8-1373F632FC68}.Release|Any CPU.ActiveCfg = Release|Any CPU
		{4F855BA7-F659-4A1E-97C8-1373F632FC68}.Release|Any CPU.Build.0 = Release|Any CPU
		{36CE1361-3ED4-4BCB-A7BA-3249981A6A64}.Debug|Any CPU.ActiveCfg = Debug|Any CPU
		{36CE1361-3ED4-4BCB-A7BA-3249981A6A64}.Debug|Any CPU.Build.0 = Debug|Any CPU
		{36CE1361-3ED4-4BCB-A7BA-3249981A6A64}.Release|Any CPU.ActiveCfg = Release|Any CPU
		{36CE1361-3ED4-4BCB-A7BA-3249981A6A64}.Release|Any CPU.Build.0 = Release|Any CPU
		{516DA291-8344-457E-A9B8-86DDF13D3A0A}.Debug|Any CPU.ActiveCfg = Debug|Any CPU
		{516DA291-8344-457E-A9B8-86DDF13D3A0A}.Debug|Any CPU.Build.0 = Debug|Any CPU
		{516DA291-8344-457E-A9B8-86DDF13D3A0A}.Release|Any CPU.ActiveCfg = Release|Any CPU
		{516DA291-8344-457E-A9B8-86DDF13D3A0A}.Release|Any CPU.Build.0 = Release|Any CPU
	EndGlobalSection
	GlobalSection(SolutionProperties) = preSolution
		HideSolutionNode = FALSE
	EndGlobalSection
	GlobalSection(ExtensibilityGlobals) = postSolution
		SolutionGuid = {ED092D9B-9155-4D3F-AA2F-1AF7A761AB61}
	EndGlobalSection
EndGlobal
