
Microsoft Visual Studio Solution File, Format Version 12.00
# Visual Studio 15
VisualStudioVersion = 15.0.27703.2026
MinimumVisualStudioVersion = 10.0.40219.1
Project("{9A19103F-16F7-4668-BE54-9A1E7A4F7556}") = "ZY.HelloWorld", "ZY.HelloWorld\ZY.HelloWorld.csproj", "{32AF0FF8-B2C3-456B-92B6-D7152C69EF5D}"
EndProject
Project("{FAE04EC0-301F-11D3-BF4B-00C04F79EFBC}") = "ZY.EFCore", "ZY.EFCore\ZY.EFCore.csproj", "{4A11CB22-DAD6-4434-A90C-B7426E748381}"
EndProject
Global
	GlobalSection(SolutionConfigurationPlatforms) = preSolution
		Debug|Any CPU = Debug|Any CPU
		Release|Any CPU = Release|Any CPU
	EndGlobalSection
	GlobalSection(ProjectConfigurationPlatforms) = postSolution
		{32AF0FF8-B2C3-456B-92B6-D7152C69EF5D}.Debug|Any CPU.ActiveCfg = Debug|Any CPU
		{32AF0FF8-B2C3-456B-92B6-D7152C69EF5D}.Debug|Any CPU.Build.0 = Debug|Any CPU
		{32AF0FF8-B2C3-456B-92B6-D7152C69EF5D}.Release|Any CPU.ActiveCfg = Release|Any CPU
		{32AF0FF8-B2C3-456B-92B6-D7152C69EF5D}.Release|Any CPU.Build.0 = Release|Any CPU
		{4A11CB22-DAD6-4434-A90C-B7426E748381}.Debug|Any CPU.ActiveCfg = Debug|Any CPU
		{4A11CB22-DAD6-4434-A90C-B7426E748381}.Debug|Any CPU.Build.0 = Debug|Any CPU
		{4A11CB22-DAD6-4434-A90C-B7426E748381}.Release|Any CPU.ActiveCfg = Release|Any CPU
		{4A11CB22-DAD6-4434-A90C-B7426E748381}.Release|Any CPU.Build.0 = Release|Any CPU
	EndGlobalSection
	GlobalSection(SolutionProperties) = preSolution
		HideSolutionNode = FALSE
	EndGlobalSection
	GlobalSection(ExtensibilityGlobals) = postSolution
		SolutionGuid = {ED092D9B-9155-4D3F-AA2F-1AF7A761AB61}
	EndGlobalSection
EndGlobal
